
Microsoft Visual Studio Solution File, Format Version 12.00
# Visual Studio Version 17
VisualStudioVersion = 17.8.34525.116
MinimumVisualStudioVersion = 10.0.40219.1
Project("{FAE04EC0-301F-11D3-BF4B-00C04F79EFBC}") = "Logger", "Logger\Logger.csproj", "{8DFC8B50-D50E-41E8-ABD9-8FD02F568C87}"
EndProject
Global
	GlobalSection(SolutionConfigurationPlatforms) = preSolution
		Debug|Any CPU = Debug|Any CPU
		Release|Any CPU = Release|Any CPU
	EndGlobalSection
	GlobalSection(ProjectConfigurationPlatforms) = postSolution
		{8DFC8B50-D50E-41E8-ABD9-8FD02F568C87}.Debug|Any CPU.ActiveCfg = Debug|Any CPU
		{8DFC8B50-D50E-41E8-ABD9-8FD02F568C87}.Debug|Any CPU.Build.0 = Debug|Any CPU
		{8DFC8B50-D50E-41E8-ABD9-8FD02F568C87}.Release|Any CPU.ActiveCfg = Release|Any CPU
		{8DFC8B50-D50E-41E8-ABD9-8FD02F568C87}.Release|Any CPU.Build.0 = Release|Any CPU
	EndGlobalSection
	GlobalSection(SolutionProperties) = preSolution
		HideSolutionNode = FALSE
	EndGlobalSection
	GlobalSection(ExtensibilityGlobals) = postSolution
		SolutionGuid = {F8299DF5-0EC1-4FF3-A068-5A2859F7C0D3}
	EndGlobalSection
EndGlobal
