
Microsoft Visual Studio Solution File, Format Version 12.00
# Visual Studio Version 17
VisualStudioVersion = 17.8.34525.116
MinimumVisualStudioVersion = 10.0.40219.1
Project("{FAE04EC0-301F-11D3-BF4B-00C04F79EFBC}") = "Zoo", "Zoo\Zoo.csproj", "{DCA6E608-0CD2-4C96-AE47-7BB20A1B8F62}"
EndProject
Global
	GlobalSection(SolutionConfigurationPlatforms) = preSolution
		Debug|Any CPU = Debug|Any CPU
		Release|Any CPU = Release|Any CPU
	EndGlobalSection
	GlobalSection(ProjectConfigurationPlatforms) = postSolution
		{DCA6E608-0CD2-4C96-AE47-7BB20A1B8F62}.Debug|Any CPU.ActiveCfg = Debug|Any CPU
		{DCA6E608-0CD2-4C96-AE47-7BB20A1B8F62}.Debug|Any CPU.Build.0 = Debug|Any CPU
		{DCA6E608-0CD2-4C96-AE47-7BB20A1B8F62}.Release|Any CPU.ActiveCfg = Release|Any CPU
		{DCA6E608-0CD2-4C96-AE47-7BB20A1B8F62}.Release|Any CPU.Build.0 = Release|Any CPU
	EndGlobalSection
	GlobalSection(SolutionProperties) = preSolution
		HideSolutionNode = FALSE
	EndGlobalSection
	GlobalSection(ExtensibilityGlobals) = postSolution
		SolutionGuid = {77898FC7-EA61-49FF-9FAA-853997528DB6}
	EndGlobalSection
EndGlobal
