
Microsoft Visual Studio Solution File, Format Version 12.00
# Visual Studio Version 17
VisualStudioVersion = 17.9.34728.123
MinimumVisualStudioVersion = 10.0.40219.1
Project("{9A19103F-16F7-4668-BE54-9A1E7A4F7556}") = "P03_SalesDatabase", "Sales\P03_SalesDatabase.csproj", "{EF8A201A-FAAF-42EC-B0A7-92BF4A150E84}"
EndProject
Project("{9A19103F-16F7-4668-BE54-9A1E7A4F7556}") = "P03_SalesDatabase.Data", "P03_SalesDatabase.Data\P03_SalesDatabase.Data.csproj", "{67D4BF9F-7D0A-4461-801C-52DA6D8AF632}"
EndProject
Project("{9A19103F-16F7-4668-BE54-9A1E7A4F7556}") = "Models", "P03_SalesDatabase.Models\Models.csproj", "{E86111AB-7A3A-441F-A55E-60990FDF7F34}"
EndProject
Project("{9A19103F-16F7-4668-BE54-9A1E7A4F7556}") = "P03_SalesDatabase.Data.Common", "P03_SalesDatabase.Data.Common\P03_SalesDatabase.Data.Common.csproj", "{99E1278F-F618-46F4-9B07-1239D47608A9}"
EndProject
Global
	GlobalSection(SolutionConfigurationPlatforms) = preSolution
		Debug|Any CPU = Debug|Any CPU
		Release|Any CPU = Release|Any CPU
	EndGlobalSection
	GlobalSection(ProjectConfigurationPlatforms) = postSolution
		{EF8A201A-FAAF-42EC-B0A7-92BF4A150E84}.Debug|Any CPU.ActiveCfg = Debug|Any CPU
		{EF8A201A-FAAF-42EC-B0A7-92BF4A150E84}.Debug|Any CPU.Build.0 = Debug|Any CPU
		{EF8A201A-FAAF-42EC-B0A7-92BF4A150E84}.Release|Any CPU.ActiveCfg = Release|Any CPU
		{EF8A201A-FAAF-42EC-B0A7-92BF4A150E84}.Release|Any CPU.Build.0 = Release|Any CPU
		{67D4BF9F-7D0A-4461-801C-52DA6D8AF632}.Debug|Any CPU.ActiveCfg = Debug|Any CPU
		{67D4BF9F-7D0A-4461-801C-52DA6D8AF632}.Debug|Any CPU.Build.0 = Debug|Any CPU
		{67D4BF9F-7D0A-4461-801C-52DA6D8AF632}.Release|Any CPU.ActiveCfg = Release|Any CPU
		{67D4BF9F-7D0A-4461-801C-52DA6D8AF632}.Release|Any CPU.Build.0 = Release|Any CPU
		{E86111AB-7A3A-441F-A55E-60990FDF7F34}.Debug|Any CPU.ActiveCfg = Debug|Any CPU
		{E86111AB-7A3A-441F-A55E-60990FDF7F34}.Debug|Any CPU.Build.0 = Debug|Any CPU
		{E86111AB-7A3A-441F-A55E-60990FDF7F34}.Release|Any CPU.ActiveCfg = Release|Any CPU
		{E86111AB-7A3A-441F-A55E-60990FDF7F34}.Release|Any CPU.Build.0 = Release|Any CPU
		{99E1278F-F618-46F4-9B07-1239D47608A9}.Debug|Any CPU.ActiveCfg = Debug|Any CPU
		{99E1278F-F618-46F4-9B07-1239D47608A9}.Debug|Any CPU.Build.0 = Debug|Any CPU
		{99E1278F-F618-46F4-9B07-1239D47608A9}.Release|Any CPU.ActiveCfg = Release|Any CPU
		{99E1278F-F618-46F4-9B07-1239D47608A9}.Release|Any CPU.Build.0 = Release|Any CPU
	EndGlobalSection
	GlobalSection(SolutionProperties) = preSolution
		HideSolutionNode = FALSE
	EndGlobalSection
	GlobalSection(ExtensibilityGlobals) = postSolution
		SolutionGuid = {1A798355-AD31-446B-A844-3D063D01504D}
	EndGlobalSection
EndGlobal
