
Microsoft Visual Studio Solution File, Format Version 12.00
# Visual Studio Version 17
VisualStudioVersion = 17.9.34728.123
MinimumVisualStudioVersion = 10.0.40219.1
Project("{FAE04EC0-301F-11D3-BF4B-00C04F79EFBC}") = "SoftUni", "EFIntroduction\SoftUni.csproj", "{6F8A7BAB-1DF1-43ED-A1AD-2CC5E6AE5F89}"
EndProject
Global
	GlobalSection(SolutionConfigurationPlatforms) = preSolution
		Debug|Any CPU = Debug|Any CPU
		Release|Any CPU = Release|Any CPU
	EndGlobalSection
	GlobalSection(ProjectConfigurationPlatforms) = postSolution
		{6F8A7BAB-1DF1-43ED-A1AD-2CC5E6AE5F89}.Debug|Any CPU.ActiveCfg = Debug|Any CPU
		{6F8A7BAB-1DF1-43ED-A1AD-2CC5E6AE5F89}.Debug|Any CPU.Build.0 = Debug|Any CPU
		{6F8A7BAB-1DF1-43ED-A1AD-2CC5E6AE5F89}.Release|Any CPU.ActiveCfg = Release|Any CPU
		{6F8A7BAB-1DF1-43ED-A1AD-2CC5E6AE5F89}.Release|Any CPU.Build.0 = Release|Any CPU
	EndGlobalSection
	GlobalSection(SolutionProperties) = preSolution
		HideSolutionNode = FALSE
	EndGlobalSection
	GlobalSection(ExtensibilityGlobals) = postSolution
		SolutionGuid = {A1343C97-151D-472D-A88B-6FDC059C6DA8}
	EndGlobalSection
EndGlobal
