
Microsoft Visual Studio Solution File, Format Version 12.00
# Visual Studio Version 17
VisualStudioVersion = 17.11.35219.272
MinimumVisualStudioVersion = 10.0.40219.1
Project("{FAE04EC0-301F-11D3-BF4B-00C04F79EFBC}") = "TextSplitterApp", "TextSplitterApp\TextSplitterApp.csproj", "{C62F7C2A-BFC1-4C83-A2D1-AFBC2E404591}"
EndProject
Global
	GlobalSection(SolutionConfigurationPlatforms) = preSolution
		Debug|Any CPU = Debug|Any CPU
		Release|Any CPU = Release|Any CPU
	EndGlobalSection
	GlobalSection(ProjectConfigurationPlatforms) = postSolution
		{C62F7C2A-BFC1-4C83-A2D1-AFBC2E404591}.Debug|Any CPU.ActiveCfg = Debug|Any CPU
		{C62F7C2A-BFC1-4C83-A2D1-AFBC2E404591}.Debug|Any CPU.Build.0 = Debug|Any CPU
		{C62F7C2A-BFC1-4C83-A2D1-AFBC2E404591}.Release|Any CPU.ActiveCfg = Release|Any CPU
		{C62F7C2A-BFC1-4C83-A2D1-AFBC2E404591}.Release|Any CPU.Build.0 = Release|Any CPU
	EndGlobalSection
	GlobalSection(SolutionProperties) = preSolution
		HideSolutionNode = FALSE
	EndGlobalSection
	GlobalSection(ExtensibilityGlobals) = postSolution
		SolutionGuid = {2BE84E93-1838-4477-9E39-A5B3511C2721}
	EndGlobalSection
EndGlobal
